
Microsoft Visual Studio Solution File, Format Version 12.00
# Visual Studio Version 16
VisualStudioVersion = 16.0.31702.278
MinimumVisualStudioVersion = 10.0.40219.1
Project("{FAE04EC0-301F-11D3-BF4B-00C04F79EFBC}") = "SortNumbers", "SortNumbers.csproj", "{0A96D660-FFDD-420E-8378-00A70159C2C7}"
EndProject
Global
	GlobalSection(SolutionConfigurationPlatforms) = preSolution
		Debug|Any CPU = Debug|Any CPU
		Release|Any CPU = Release|Any CPU
	EndGlobalSection
	GlobalSection(ProjectConfigurationPlatforms) = postSolution
		{0A96D660-FFDD-420E-8378-00A70159C2C7}.Debug|Any CPU.ActiveCfg = Debug|Any CPU
		{0A96D660-FFDD-420E-8378-00A70159C2C7}.Debug|Any CPU.Build.0 = Debug|Any CPU
		{0A96D660-FFDD-420E-8378-00A70159C2C7}.Release|Any CPU.ActiveCfg = Release|Any CPU
		{0A96D660-FFDD-420E-8378-00A70159C2C7}.Release|Any CPU.Build.0 = Release|Any CPU
	EndGlobalSection
	GlobalSection(SolutionProperties) = preSolution
		HideSolutionNode = FALSE
	EndGlobalSection
	GlobalSection(ExtensibilityGlobals) = postSolution
		SolutionGuid = {9150C9E6-5E52-4790-8169-790096E0B1B1}
	EndGlobalSection
EndGlobal
